Microsoft Visual Studio Solution File, Format Version 12.00
# Visual Studio Version 17
VisualStudioVersion = 17.5.2.0
MinimumVisualStudioVersion = 10.0.40219.1
Project("{FAE04EC0-301F-11D3-BF4B-00C04F79EFBC}") = "TravelGuideApi", "TravelGuideApi\TravelGuideApi.csproj", "{9B02574D-B95B-65DD-FB56-0507C3DF09C2}"
EndProject
Global
	GlobalSection(SolutionConfigurationPlatforms) = preSolution
		Debug|Any CPU = Debug|Any CPU
		Release|Any CPU = Release|Any CPU
	EndGlobalSection
	GlobalSection(ProjectConfigurationPlatforms) = postSolution
		{9B02574D-B95B-65DD-FB56-0507C3DF09C2}.Debug|Any CPU.ActiveCfg = Debug|Any CPU
		{9B02574D-B95B-65DD-FB56-0507C3DF09C2}.Debug|Any CPU.Build.0 = Debug|Any CPU
		{9B02574D-B95B-65DD-FB56-0507C3DF09C2}.Release|Any CPU.ActiveCfg = Release|Any CPU
		{9B02574D-B95B-65DD-FB56-0507C3DF09C2}.Release|Any CPU.Build.0 = Release|Any CPU
	EndGlobalSection
	GlobalSection(SolutionProperties) = preSolution
		HideSolutionNode = FALSE
	EndGlobalSection
	GlobalSection(ExtensibilityGlobals) = postSolution
		SolutionGuid = {3BBA7AA0-DE1D-435E-93C8-292E7B3B0B8F}
	EndGlobalSection
EndGlobal
